// !$*UTF8*$!
{
	archiveVersion = 1;
	classes = {
	};
	objectVersion = 46;
	objects = {

/* Begin PBXBuildFile section */
		2714D8B81D6A036E00276A5D /* AppDelegate.swift in Sources */ = {isa = PBXBuildFile; fileRef = 2714D8B71D6A036E00276A5D /* AppDelegate.swift */; };
		2714D8BA1D6A036E00276A5D /* ViewController.swift in Sources */ = {isa = PBXBuildFile; fileRef = 2714D8B91D6A036E00276A5D /* ViewController.swift */; };
		2714D8BD1D6A036E00276A5D /* Main.storyboard in Resources */ = {isa = PBXBuildFile; fileRef = 2714D8BB1D6A036E00276A5D /* Main.storyboard */; };
		2714D8BF1D6A036E00276A5D /* Assets.xcassets in Resources */ = {isa = PBXBuildFile; fileRef = 2714D8BE1D6A036E00276A5D /* Assets.xcassets */; };
		2714D8C21D6A036E00276A5D /* LaunchScreen.storyboard in Resources */ = {isa = PBXBuildFile; fileRef = 2714D8C01D6A036E00276A5D /* LaunchScreen.storyboard */; };
/* End PBXBuildFile section */

/* Begin PBXFileReference section */
		2714D8B41D6A036E00276A5D /* CompassSwift.app */ = {isa = PBXFileReference; explicitFileType = wrapper.application; includeInIndex = 0; path = CompassSwift.app; sourceTree = BUILT_PRODUCTS_DIR; };
		2714D8B71D6A036E00276A5D /* AppDelegate.swift */ = {isa = PBXFileReference; lastKnownFileType = sourcecode.swift; path = AppDelegate.swift; sourceTree = "<group>"; };
		2714D8B91D6A036E00276A5D /* ViewController.swift */ = {isa = PBXFileReference; lastKnownFileType = sourcecode.swift; path = ViewController.swift; sourceTree = "<group>"; };
		2714D8BC1D6A036E00276A5D /* Base */ = {isa = PBXFileReference; lastKnownFileType = file.storyboard; name = Base; path = Base.lproj/Main.storyboard; sourceTree = "<group>"; };
		2714D8BE1D6A036E00276A5D /* Assets.xcassets */ = {isa = PBXFileReference; lastKnownFileType = folder.assetcatalog; path = Assets.xcassets; sourceTree = "<group>"; };
		2714D8C11D6A036E00276A5D /* Base */ = {isa = PBXFileReference; lastKnownFileType = file.storyboard; name = Base; path = Base.lproj/LaunchScreen.storyboard; sourceTree = "<group>"; };
		2714D8C31D6A036E00276A5D /* Info.plist */ = {isa = PBXFileReference; lastKnownFileType = text.plist.xml; path = Info.plist; sourceTree = "<group>"; };
/* End PBXFileReference section */

/* Begin PBXFrameworksBuildPhase section */
		2714D8B11D6A036E00276A5D /* Frameworks */ = {
			isa = PBXFrameworksBuildPhase;
			buildActionMask = 2147483647;
			files = (
			);
			runOnlyForDeploymentPostprocessing = 0;
		};
/* End PBXFrameworksBuildPhase section */

/* Begin PBXGroup section */
		2714D8AB1D6A036E00276A5D = {
			isa = PBXGroup;
			children = (
				2714D8B61D6A036E00276A5D /* CompassSwift */,
				2714D8B51D6A036E00276A5D /* Products */,
			);
			sourceTree = "<group>";
		};
		2714D8B51D6A036E00276A5D /* Products */ = {
			isa = PBXGroup;
			children = (
				2714D8B41D6A036E00276A5D /* CompassSwift.app */,
			);
			name = Products;
			sourceTree = "<group>";
		};
		2714D8B61D6A036E00276A5D /* CompassSwift */ = {
			isa = PBXGroup;
			children = (
				2714D8B71D6A036E00276A5D /* AppDelegate.swift */,
				2714D8B91D6A036E00276A5D /* ViewController.swift */,
				2714D8BB1D6A036E00276A5D /* Main.storyboard */,
				2714D8BE1D6A036E00276A5D /* Assets.xcassets */,
				2714D8C01D6A036E00276A5D /* LaunchScreen.storyboard */,
				2714D8C31D6A036E00276A5D /* Info.plist */,
			);
			path = CompassSwift;
			sourceTree = "<group>";
		};
/* End PBXGroup section */

/* Begin PBXNativeTarget section */
		2714D8B31D6A036E00276A5D /* CompassSwift */ = {
			isa = PBXNativeTarget;
			buildConfigurationList = 2714D8C61D6A036E00276A5D /* Build configuration list for PBXNativeTarget "CompassSwift" */;
			buildPhases = (
				2714D8B01D6A036E00276A5D /* Sources */,
				2714D8B11D6A036E00276A5D /* Frameworks */,
				2714D8B21D6A036E00276A5D /* Resources */,
			);
			buildRules = (
			);
			dependencies = (
			);
			name = CompassSwift;
			productName = CompassSwift;
			productReference = 2714D8B41D6A036E00276A5D /* CompassSwift.app */;
			productType = "com.apple.product-type.application";
		};
/* End PBXNativeTarget section */

/* Begin PBXProject section */
		2714D8AC1D6A036E00276A5D /* Project object */ = {
			isa = PBXProject;
			attributes = {
				LastSwiftUpdateCheck = 0730;
				LastUpgradeCheck = 0730;
				ORGANIZATIONNAME = "赵恩峰";
				TargetAttributes = {
					2714D8B31D6A036E00276A5D = {
						CreatedOnToolsVersion = 7.3.1;
					};
				};
			};
			buildConfigurationList = 2714D8AF1D6A036E00276A5D /* Build configuration list for PBXProject "CompassSwift" */;
			compatibilityVersion = "Xcode 3.2";
			developmentRegion = English;
			hasScannedForEncodings = 0;
			knownRegions = (
				en,
				Base,
			);
			mainGroup = 2714D8AB1D6A036E00276A5D;
			productRefGroup = 2714D8B51D6A036E00276A5D /* Products */;
			projectDirPath = "";
			projectRoot = "";
			targets = (
				2714D8B31D6A036E00276A5D /* CompassSwift */,
			);
		};
/* End PBXProject section */

/* Begin PBXResourcesBuildPhase section */
		2714D8B21D6A036E00276A5D /* Resources */ = {
			isa = PBXResourcesBuildPhase;
			buildActionMask = 2147483647;
			files = (
				2714D8C21D6A036E00276A5D /* LaunchScreen.storyboard in Resources */,
				2714D8BF1D6A036E00276A5D /* Assets.xcassets in Resources */,
				2714D8BD1D6A036E00276A5D /* Main.storyboard in Resources */,
			);
			runOnlyForDeploymentPostprocessing = 0;
		};
/* End PBXResourcesBuildPhase section */

/* Begin PBXSourcesBuildPhase section */
		2714D8B01D6A036E00276A5D /* Sources */ = {
			isa = PBXSourcesBuildPhase;
			buildActionMask = 2147483647;
			files = (
				2714D8BA1D6A036E00276A5D /* ViewController.swift in Sources */,
				2714D8B81D6A036E00276A5D /* AppDelegate.swift in Sources */,
			);
			runOnlyForDeploymentPostprocessing = 0;
		};
/* End PBXSourcesBuildPhase section */

/* Begin PBXVariantGroup section */
		2714D8BB1D6A036E00276A5D /* Main.storyboard */ = {
			isa = PBXVariantGroup;
			children = (
				2714D8BC1D6A036E00276A5D /* Base */,
			);
			name = Main.storyboard;
			sourceTree = "<group>";
		};
		2714D8C01D6A036E00276A5D /* LaunchScreen.storyboard */ = {
			isa = PBXVariantGroup;
			children = (
				2714D8C11D6A036E00276A5D /* Base */,
			);
			name = LaunchScreen.storyboard;
			sourceTree = "<group>";
		};
/* End PBXVariantGroup section */

/* Begin XCBuildConfiguration section */
		2714D8C41D6A036E00276A5D /* Debug */ = {
			isa = XCBuildConfiguration;
			buildSettings = {
				ALWAYS_SEARCH_USER_PATHS = NO;
				CLANG_ANALYZER_NONNULL = YES;
				CLANG_CXX_LANGUAGE_STANDARD = "gnu++0x";
				CLANG_CXX_LIBRARY = "libc++";
				CLANG_ENABLE_MODULES = YES;
				CLANG_ENABLE_OBJC_ARC = YES;
				CLANG_WARN_BOOL_CONVERSION = YES;
				CLANG_WARN_CONSTANT_CONVERSION = YES;
				CLANG_WARN_DIRECT_OBJC_ISA_USAGE = YES_ERROR;
				CLANG_WARN_EMPTY_BODY = YES;
				CLANG_WARN_ENUM_CONVERSION = YES;
				CLANG_WARN_INT_CONVERSION = YES;
				CLANG_WARN_OBJC_ROOT_CLASS = YES_ERROR;
				CLANG_WARN_UNREACHABLE_CODE = YES;
				CLANG_WARN__DUPLICATE_METHOD_MATCH = YES;
				"CODE_SIGN_IDENTITY[sdk=iphoneos*]" = "iPhone Developer";
				COPY_PHASE_STRIP = NO;
				DEBUG_INFORMATION_FORMAT = dwarf;
				ENABLE_STRICT_OBJC_MSGSEND = YES;
				ENABLE_TESTABILITY = YES;
				GCC_C_LANGUAGE_STANDARD = gnu99;
				GCC_DYNAMIC_NO_PIC = NO;
				GCC_NO_COMMON_BLOCKS = YES;
				GCC_OPTIMIZATION_LEVEL = 0;
				GCC_PREPROCESSOR_DEFINITIONS = (
					"DEBUG=1",
					"$(inherited)",
				);
				GCC_WARN_64_TO_32_BIT_CONVERSION = YES;
				GCC_WARN_ABOUT_RETURN_TYPE = YES_ERROR;
				GCC_WARN_UNDECLARED_SELECTOR = YES;
				GCC_WARN_UNINITIALIZED_AUTOS = YES_AGGRESSIVE;
				GCC_WARN_UNUSED_FUNCTION = YES;
				GCC_WARN_UNUSED_VARIABLE = YES;
				IPHONEOS_DEPLOYMENT_TARGET = 9.3;
				MTL_ENABLE_DEBUG_INFO = YES;
				ONLY_ACTIVE_ARCH = YES;
				SDKROOT = iphoneos;
				SWIFT_OPTIMIZATION_LEVEL = "-Onone";
			};
			name = Debug;
		};
		2714D8C51D6A036E00276A5D /* Release */ = {
			isa = XCBuildConfiguration;
			buildSettings = {
				ALWAYS_SEARCH_USER_PATHS = NO;
				CLANG_ANALYZER_NONNULL = YES;
				CLANG_CXX_LANGUAGE_STANDARD = "gnu++0x";
				CLANG_CXX_LIBRARY = "libc++";
				CLANG_ENABLE_MODULES = YES;
				CLANG_ENABLE_OBJC_ARC = YES;
				CLANG_WARN_BOOL_CONVERSION = YES;
				CLANG_WARN_CONSTANT_CONVERSION = YES;
				CLANG_WARN_DIRECT_OBJC_ISA_USAGE = YES_ERROR;
				CLANG_WARN_EMPTY_BODY = YES;
				CLANG_WARN_ENUM_CONVERSION = YES;
				CLANG_WARN_INT_CONVERSION = YES;
				CLANG_WARN_OBJC_ROOT_CLASS = YES_ERROR;
				CLANG_WARN_UNREACHABLE_CODE = YES;
				CLANG_WARN__DUPLICATE_METHOD_MATCH = YES;
				"CODE_SIGN_IDENTITY[sdk=iphoneos*]" = "iPhone Developer";
				COPY_PHASE_STRIP = NO;
				DEBUG_INFORMATION_FORMAT = "dwarf-with-dsym";
				ENABLE_NS_ASSERTIONS = NO;
				ENABLE_STRICT_OBJC_MSGSEND = YES;
				GCC_C_LANGUAGE_STANDARD = gnu99;
				GCC_NO_COMMON_BLOCKS = YES;
				GCC_WARN_64_TO_32_BIT_CONVERSION = YES;
				GCC_WARN_ABOUT_RETURN_TYPE = YES_ERROR;
				GCC_WARN_UNDECLARED_SELECTOR = YES;
				GCC_WARN_UNINITIALIZED_AUTOS = YES_AGGRESSIVE;
				GCC_WARN_UNUSED_FUNCTION = YES;
				GCC_WARN_UNUSED_VARIABLE = YES;
				IPHONEOS_DEPLOYMENT_TARGET = 9.3;
				MTL_ENABLE_DEBUG_INFO = NO;
				SDKROOT = iphoneos;
				VALIDATE_PRODUCT = YES;
			};
			name = Release;
		};
		2714D8C71D6A036E00276A5D /* Debug */ = {
			isa = XCBuildConfiguration;
			buildSettings = {
				ASSETCATALOG_COMPILER_APPICON_NAME = AppIcon;
				INFOPLIST_FILE = CompassSwift/Info.plist;
				LD_RUNPATH_SEARCH_PATHS = "$(inherited) @executable_path/Frameworks";
				PRODUCT_BUNDLE_IDENTIFIER = com.zhao95.CompassSwift;
				PRODUCT_NAME = "$(TARGET_NAME)";
			};
			name = Debug;
		};
		2714D8C81D6A036E00276A5D /* Release */ = {
			isa = XCBuildConfiguration;
			buildSettings = {
				ASSETCATALOG_COMPILER_APPICON_NAME = AppIcon;
				INFOPLIST_FILE = CompassSwift/Info.plist;
				LD_RUNPATH_SEARCH_PATHS = "$(inherited) @executable_path/Frameworks";
				PRODUCT_BUNDLE_IDENTIFIER = com.zhao95.CompassSwift;
				PRODUCT_NAME = "$(TARGET_NAME)";
			};
			name = Release;
		};
/* End XCBuildConfiguration section */

/* Begin XCConfigurationList section */
		2714D8AF1D6A036E00276A5D /* Build configuration list for PBXProject "CompassSwift" */ = {
			isa = XCConfigurationList;
			buildConfigurations = (
				2714D8C41D6A036E00276A5D /* Debug */,
				2714D8C51D6A036E00276A5D /* Release */,
			);
			defaultConfigurationIsVisible = 0;
			defaultConfigurationName = Release;
		};
		2714D8C61D6A036E00276A5D /* Build configuration list for PBXNativeTarget "CompassSwift" */ = {
			isa = XCConfigurationList;
			buildConfigurations = (
				2714D8C71D6A036E00276A5D /* Debug */,
				2714D8C81D6A036E00276A5D /* Release */,
			);
			defaultConfigurationIsVisible = 0;
		};
/* End XCConfigurationList section */
	};
	rootObject = 2714D8AC1D6A036E00276A5D /* Project object */;
}
